# THIS IS AN AUTOGENERATED FILE. DO NOT EDIT THIS FILE DIRECTLY.
# yarn lockfile v1


framer-motion@^12.22.0:
  version "12.22.0"
  resolved "https://registry.yarnpkg.com/framer-motion/-/framer-motion-12.22.0.tgz#646fc06f1032454a5bbe09eb100f71cacafe0adf"
  integrity sha512-qG07rR8/mboCNU34nORbrIbBXbJzP4aDqBdr67TAIVlMryDEOwh7LXjylWovlnPCMg78ExoY0Gn2F1fV+3DNIw==
  dependencies:
    motion-dom "^12.22.0"
    motion-utils "^12.19.0"
    tslib "^2.4.0"

motion-dom@^12.22.0:
  version "12.22.0"
  resolved "https://registry.yarnpkg.com/motion-dom/-/motion-dom-12.22.0.tgz#aeb06948fa306590ece081af5a73a79476ce85e2"
  integrity sha512-ooH7+/BPw9gOsL9VtPhEJHE2m4ltnhMlcGMhEqA0YGNhKof7jdaszvsyThXI6LVIKshJUZ9/CP6HNqQhJfV7kw==
  dependencies:
    motion-utils "^12.19.0"

motion-utils@^12.19.0:
  version "12.19.0"
  resolved "https://registry.yarnpkg.com/motion-utils/-/motion-utils-12.19.0.tgz#a7cc102f756e97093793cac7c218533d3b27f509"
  integrity sha512-BuFTHINYmV07pdWs6lj6aI63vr2N4dg0vR+td0rtrdpWOhBzIkEklZyLcvKBoEtwSqx8Jg06vUB5RS0xDiUybw==

motion@^12.22.0:
  version "12.22.0"
  resolved "https://registry.yarnpkg.com/motion/-/motion-12.22.0.tgz#9f7939a233de189a3b89f553a3e0daa9f6ca0954"
  integrity sha512-Z2KdCLXF0y1zmD9isTs/DyzinnsKERQ526ipw98NIJyet9bWOtepLDsyK9EOrZwdz+lBzHgXB3SdaBreLbG9+g==
  dependencies:
    framer-motion "^12.22.0"
    tslib "^2.4.0"

tslib@^2.4.0:
  version "2.8.1"
  resolved "https://registry.yarnpkg.com/tslib/-/tslib-2.8.1.tgz#612efe4ed235d567e8aba5f2a5fab70280ade83f"
  integrity sha512-oJFu94HQb+KVduSUQL7wnpmqnfmLsOA/nAh6b6EH0wCEoK0/mPeXU6c3wKDV83MkOuHPRHtSXKKU99IBazS/2w==

typescript@^5.8.3:
  version "5.8.3"
  resolved "https://registry.yarnpkg.com/typescript/-/typescript-5.8.3.tgz#92f8a3e5e3cf497356f4178c34cd65a7f5e8440e"
  integrity sha512-p1diW6TqL9L07nNxvRMM7hMMw4c5XOo/1ibL4aAIGmSAt9slTE1Xgw5KWuof2uTOvCg9BY7ZRi+GaF+7sfgPeQ==
